[[package]]
name = "python-dotenv"
version = "1.0.0"
description = "Read key-value pairs from a .env file and set them as environment variables"
category = "main"
optional = false
python-versions = ">=3.8"

[package.extras]
cli = ["click (>=5.0)"]

[[package]]
name = "slack-bolt"
version = "1.18.0"
description = "The Bolt Framework for Python"
category = "main"
optional = false
python-versions = ">=3.6"

[package.dependencies]
slack-sdk = ">=3.21.2,<4"

[package.extras]
adapter = ["boto3 (<=2)", "bottle (>=0.12,<1)", "chalice (>=1.28,<2)", "CherryPy (>=18,<19)", "Django (>=3,<5)", "falcon (>=2,<4)", "fastapi (>=0.70.0,<1)", "Flask (>=1,<3)", "Werkzeug (>=2,<3)", "pyramid (>=1,<3)", "sanic (>=22,<23)", "starlette (>=0.14,<1)", "tornado (>=6,<7)", "uvicorn (<1)", "gunicorn (>=20,<21)", "websocket-client (>=1.2.3,<2)"]
adapter_testing = ["moto (>=3,<4)", "docker (>=5,<6)", "boddle (>=0.2,<0.3)", "Flask (>=1,<2)", "Werkzeug (>=1,<2)", "sanic-testing (>=0.7)", "requests (>=2,<3)"]
async = ["aiohttp (>=3,<4)", "websockets (>=10,<11)"]
testing = ["pytest (>=6.2.5,<7)", "pytest-cov (>=3,<4)", "Flask-Sockets (>=0.2,<1)", "Werkzeug (>=1,<2)", "itsdangerous (==2.0.1)", "Jinja2 (==3.0.3)", "black (==22.8.0)", "click (<=8.0.4)", "pytest-asyncio (>=0.18.2,<1)", "aiohttp (>=3,<4)"]
testing_without_asyncio = ["pytest (>=6.2.5,<7)", "pytest-cov (>=3,<4)", "Flask-Sockets (>=0.2,<1)", "Werkzeug (>=1,<2)", "itsdangerous (==2.0.1)", "Jinja2 (==3.0.3)", "black (==22.8.0)", "click (<=8.0.4)"]

[[package]]
name = "slack-sdk"
version = "3.26.1"
description = "The Slack API Platform SDK for Python"
category = "main"
optional = false
python-versions = ">=3.6.0"

[package.extras]
optional = ["aiodns (>1.0)", "aiohttp (>=3.7.3,<4)", "boto3 (<=2)", "SQLAlchemy (>=1.4,<3)", "websockets (>=10,<11)", "websocket-client (>=1,<2)"]
testing = ["pytest (>=7.0.1,<8)", "pytest-asyncio (<1)", "Flask-Sockets (>=0.2,<1)", "Flask (>=1,<2)", "Werkzeug (<2)", "itsdangerous (==1.1.0)", "Jinja2 (==3.0.3)", "pytest-cov (>=2,<3)", "flake8 (>=5.0.4,<7)", "black (==22.8.0)", "click (==8.0.4)", "psutil (>=5,<6)", "boto3 (<=2)", "moto (>=3,<4)"]

[metadata]
lock-version = "1.1"
python-versions = "^3.11.3"
content-hash = "246ad2927ea071849a714c6d1e70a1fcb4c62920b69a11e2ec2c06378a7853d3"

[metadata.files]
python-dotenv = [
    {file = "python-dotenv-1.0.0.tar.gz", hash = "sha256:a8df96034aae6d2d50a4ebe8216326c61c3eb64836776504fcca410e5937a3ba"},
    {file = "python_dotenv-1.0.0-py3-none-any.whl", hash = "sha256:f5971a9226b701070a4bf2c38c89e5a3f0d64de8debda981d1db98583009122a"},
]
slack-bolt = [
    {file = "slack_bolt-1.18.0-py2.py3-none-any.whl", hash = "sha256:63089a401ae3900c37698890249acd008a4651d06e86194edc7b72a00819bbac"},
    {file = "slack_bolt-1.18.0.tar.gz", hash = "sha256:43b121acf78440303ce5129e53be36bdfe5d926a193daef7daf2860688e65dd3"},
]
slack-sdk = [
    {file = "slack_sdk-3.26.1-py2.py3-none-any.whl", hash = "sha256:f80f0d15f0fce539b470447d2a07b03ecdad6b24f69c1edd05d464cf21253a06"},
    {file = "slack_sdk-3.26.1.tar.gz", hash = "sha256:d1600211eaa37c71a5f92daf4404074c3e6b3f5359a37c93c818b39d88ab4ca0"},
]
